// !$*UTF8*$!
{
	archiveVersion = 1;
	classes = {
	};
	objectVersion = 46;
	objects = {

/* Begin PBXBuildFile section */
		940D52371D6CDA9E00556790 /* BaseViewControllerAnimationTransiton.swift in Sources */ = {isa = PBXBuildFile; fileRef = 940D52361D6CDA9E00556790 /* BaseViewControllerAnimationTransiton.swift */; };
		94199BA01D6D077800CD2ECB /* BaseFetchedResultsTableViewController.swift in Sources */ = {isa = PBXBuildFile; fileRef = 94199B9F1D6D077800CD2ECB /* BaseFetchedResultsTableViewController.swift */; };
		946AD5FB1D6A9C0600F58E60 /* OpenInterface.h in Headers */ = {isa = PBXBuildFile; fileRef = 946AD5F91D6A9C0600F58E60 /* OpenInterface.h */; settings = {ATTRIBUTES = (Public, ); }; };
		946AD6341D6A9CFF00F58E60 /* BaseViewController.swift in Sources */ = {isa = PBXBuildFile; fileRef = 946AD6331D6A9CFF00F58E60 /* BaseViewController.swift */; };
		946AD6381D6A9D4600F58E60 /* BaseTableViewController.swift in Sources */ = {isa = PBXBuildFile; fileRef = 946AD6371D6A9D4600F58E60 /* BaseTableViewController.swift */; };
		94EA97F71D7928B90011DCC4 /* OpenInterface-Base.xcconfig in Resources */ = {isa = PBXBuildFile; fileRef = 94EA97F11D7928B90011DCC4 /* OpenInterface-Base.xcconfig */; };
		94EA97F81D7928B90011DCC4 /* OpenInterface-Debug.xcconfig in Resources */ = {isa = PBXBuildFile; fileRef = 94EA97F21D7928B90011DCC4 /* OpenInterface-Debug.xcconfig */; };
		94EA97F91D7928B90011DCC4 /* OpenInterface-Release.xcconfig in Resources */ = {isa = PBXBuildFile; fileRef = 94EA97F31D7928B90011DCC4 /* OpenInterface-Release.xcconfig */; };
		94EA97FA1D7928B90011DCC4 /* Project-Base.xcconfig in Resources */ = {isa = PBXBuildFile; fileRef = 94EA97F41D7928B90011DCC4 /* Project-Base.xcconfig */; };
		94EA97FB1D7928B90011DCC4 /* Project-Debug.xcconfig in Resources */ = {isa = PBXBuildFile; fileRef = 94EA97F51D7928B90011DCC4 /* Project-Debug.xcconfig */; };
		94EA97FC1D7928B90011DCC4 /* Project-Release.xcconfig in Resources */ = {isa = PBXBuildFile; fileRef = 94EA97F61D7928B90011DCC4 /* Project-Release.xcconfig */; };
		94EA98001D79292D0011DCC4 /* Constrant.swift in Sources */ = {isa = PBXBuildFile; fileRef = 94EA97FD1D79292D0011DCC4 /* Constrant.swift */; };
		94EA98011D79292D0011DCC4 /* Rect.swift in Sources */ = {isa = PBXBuildFile; fileRef = 94EA97FE1D79292D0011DCC4 /* Rect.swift */; };
		94EA98021D79292D0011DCC4 /* View.swift in Sources */ = {isa = PBXBuildFile; fileRef = 94EA97FF1D79292D0011DCC4 /* View.swift */; };
/* End PBXBuildFile section */

/* Begin PBXFileReference section */
		940D52361D6CDA9E00556790 /* BaseViewControllerAnimationTransiton.swift */ = {isa = PBXFileReference; fileEncoding = 4; lastKnownFileType = sourcecode.swift; path = BaseViewControllerAnimationTransiton.swift; sourceTree = "<group>"; };
		94199B9F1D6D077800CD2ECB /* BaseFetchedResultsTableViewController.swift */ = {isa = PBXFileReference; fileEncoding = 4; lastKnownFileType = sourcecode.swift; path = BaseFetchedResultsTableViewController.swift; sourceTree = "<group>"; };
		946AD5F61D6A9C0600F58E60 /* OpenInterface.framework */ = {isa = PBXFileReference; explicitFileType = wrapper.framework; includeInIndex = 0; path = OpenInterface.framework; sourceTree = BUILT_PRODUCTS_DIR; };
		946AD5F91D6A9C0600F58E60 /* OpenInterface.h */ = {isa = PBXFileReference; lastKnownFileType = sourcecode.c.h; path = OpenInterface.h; sourceTree = "<group>"; };
		946AD5FA1D6A9C0600F58E60 /* Info.plist */ = {isa = PBXFileReference; lastKnownFileType = text.plist.xml; path = Info.plist; sourceTree = "<group>"; };
		946AD6331D6A9CFF00F58E60 /* BaseViewController.swift */ = {isa = PBXFileReference; fileEncoding = 4; lastKnownFileType = sourcecode.swift; path = BaseViewController.swift; sourceTree = "<group>"; };
		946AD6371D6A9D4600F58E60 /* BaseTableViewController.swift */ = {isa = PBXFileReference; fileEncoding = 4; lastKnownFileType = sourcecode.swift; path = BaseTableViewController.swift; sourceTree = "<group>"; };
		94EA97F11D7928B90011DCC4 /* OpenInterface-Base.xcconfig */ = {isa = PBXFileReference; fileEncoding = 4; lastKnownFileType = text.xcconfig; path = "OpenInterface-Base.xcconfig"; sourceTree = "<group>"; };
		94EA97F21D7928B90011DCC4 /* OpenInterface-Debug.xcconfig */ = {isa = PBXFileReference; fileEncoding = 4; lastKnownFileType = text.xcconfig; path = "OpenInterface-Debug.xcconfig"; sourceTree = "<group>"; };
		94EA97F31D7928B90011DCC4 /* OpenInterface-Release.xcconfig */ = {isa = PBXFileReference; fileEncoding = 4; lastKnownFileType = text.xcconfig; path = "OpenInterface-Release.xcconfig"; sourceTree = "<group>"; };
		94EA97F41D7928B90011DCC4 /* Project-Base.xcconfig */ = {isa = PBXFileReference; fileEncoding = 4; lastKnownFileType = text.xcconfig; path = "Project-Base.xcconfig"; sourceTree = "<group>"; };
		94EA97F51D7928B90011DCC4 /* Project-Debug.xcconfig */ = {isa = PBXFileReference; fileEncoding = 4; lastKnownFileType = text.xcconfig; path = "Project-Debug.xcconfig"; sourceTree = "<group>"; };
		94EA97F61D7928B90011DCC4 /* Project-Release.xcconfig */ = {isa = PBXFileReference; fileEncoding = 4; lastKnownFileType = text.xcconfig; path = "Project-Release.xcconfig"; sourceTree = "<group>"; };
		94EA97FD1D79292D0011DCC4 /* Constrant.swift */ = {isa = PBXFileReference; fileEncoding = 4; lastKnownFileType = sourcecode.swift; name = Constrant.swift; path = OpenInterface/Constrant.swift; sourceTree = "<group>"; };
		94EA97FE1D79292D0011DCC4 /* Rect.swift */ = {isa = PBXFileReference; fileEncoding = 4; lastKnownFileType = sourcecode.swift; name = Rect.swift; path = OpenInterface/Rect.swift; sourceTree = "<group>"; };
		94EA97FF1D79292D0011DCC4 /* View.swift */ = {isa = PBXFileReference; fileEncoding = 4; lastKnownFileType = sourcecode.swift; name = View.swift; path = OpenInterface/View.swift; sourceTree = "<group>"; };
/* End PBXFileReference section */

/* Begin PBXFrameworksBuildPhase section */
		946AD5F21D6A9C0600F58E60 /* Frameworks */ = {
			isa = PBXFrameworksBuildPhase;
			buildActionMask = 2147483647;
			files = (
			);
			runOnlyForDeploymentPostprocessing = 0;
		};
/* End PBXFrameworksBuildPhase section */

/* Begin PBXGroup section */
		940D52351D6CDA7700556790 /* Transitions */ = {
			isa = PBXGroup;
			children = (
				940D52361D6CDA9E00556790 /* BaseViewControllerAnimationTransiton.swift */,
			);
			name = Transitions;
			sourceTree = "<group>";
		};
		946AD5EC1D6A9C0600F58E60 = {
			isa = PBXGroup;
			children = (
				94EA97F01D7928B90011DCC4 /* config */,
				946AD5F81D6A9C0600F58E60 /* OpenInterface */,
				946AD5F71D6A9C0600F58E60 /* Products */,
			);
			sourceTree = "<group>";
		};
		946AD5F71D6A9C0600F58E60 /* Products */ = {
			isa = PBXGroup;
			children = (
				946AD5F61D6A9C0600F58E60 /* OpenInterface.framework */,
			);
			name = Products;
			sourceTree = "<group>";
		};
		946AD5F81D6A9C0600F58E60 /* OpenInterface */ = {
			isa = PBXGroup;
			children = (
				946AD6391D6A9D8800F58E60 /* Extensions */,
				946AD6361D6A9D1D00F58E60 /* View Controllers */,
				946AD62F1D6A9C8000F58E60 /* Support Files */,
			);
			path = OpenInterface;
			sourceTree = "<group>";
		};
		946AD62F1D6A9C8000F58E60 /* Support Files */ = {
			isa = PBXGroup;
			children = (
				946AD5F91D6A9C0600F58E60 /* OpenInterface.h */,
				946AD5FA1D6A9C0600F58E60 /* Info.plist */,
			);
			name = "Support Files";
			sourceTree = "<group>";
		};
		946AD6361D6A9D1D00F58E60 /* View Controllers */ = {
			isa = PBXGroup;
			children = (
				940D52351D6CDA7700556790 /* Transitions */,
				946AD6331D6A9CFF00F58E60 /* BaseViewController.swift */,
				946AD6371D6A9D4600F58E60 /* BaseTableViewController.swift */,
				94199B9F1D6D077800CD2ECB /* BaseFetchedResultsTableViewController.swift */,
			);
			name = "View Controllers";
			sourceTree = "<group>";
		};
		946AD6391D6A9D8800F58E60 /* Extensions */ = {
			isa = PBXGroup;
			children = (
				94EA97FD1D79292D0011DCC4 /* Constrant.swift */,
				94EA97FE1D79292D0011DCC4 /* Rect.swift */,
				94EA97FF1D79292D0011DCC4 /* View.swift */,
			);
			name = Extensions;
			path = ..;
			sourceTree = "<group>";
		};
		94EA97F01D7928B90011DCC4 /* config */ = {
			isa = PBXGroup;
			children = (
				94EA97F11D7928B90011DCC4 /* OpenInterface-Base.xcconfig */,
				94EA97F21D7928B90011DCC4 /* OpenInterface-Debug.xcconfig */,
				94EA97F31D7928B90011DCC4 /* OpenInterface-Release.xcconfig */,
				94EA97F41D7928B90011DCC4 /* Project-Base.xcconfig */,
				94EA97F51D7928B90011DCC4 /* Project-Debug.xcconfig */,
				94EA97F61D7928B90011DCC4 /* Project-Release.xcconfig */,
			);
			path = config;
			sourceTree = "<group>";
		};
/* End PBXGroup section */

/* Begin PBXHeadersBuildPhase section */
		946AD5F31D6A9C0600F58E60 /* Headers */ = {
			isa = PBXHeadersBuildPhase;
			buildActionMask = 2147483647;
			files = (
				946AD5FB1D6A9C0600F58E60 /* OpenInterface.h in Headers */,
			);
			runOnlyForDeploymentPostprocessing = 0;
		};
/* End PBXHeadersBuildPhase section */

/* Begin PBXNativeTarget section */
		946AD5F51D6A9C0600F58E60 /* OpenInterface */ = {
			isa = PBXNativeTarget;
			buildConfigurationList = 946AD5FE1D6A9C0600F58E60 /* Build configuration list for PBXNativeTarget "OpenInterface" */;
			buildPhases = (
				946AD5F11D6A9C0600F58E60 /* Sources */,
				946AD5F21D6A9C0600F58E60 /* Frameworks */,
				946AD5F31D6A9C0600F58E60 /* Headers */,
				946AD5F41D6A9C0600F58E60 /* Resources */,
			);
			buildRules = (
			);
			dependencies = (
			);
			name = OpenInterface;
			productName = OpenInterface;
			productReference = 946AD5F61D6A9C0600F58E60 /* OpenInterface.framework */;
			productType = "com.apple.product-type.framework";
		};
/* End PBXNativeTarget section */

/* Begin PBXProject section */
		946AD5ED1D6A9C0600F58E60 /* Project object */ = {
			isa = PBXProject;
			attributes = {
				LastUpgradeCheck = 0800;
				ORGANIZATIONNAME = "OpenSky, LLC";
				TargetAttributes = {
					946AD5F51D6A9C0600F58E60 = {
						CreatedOnToolsVersion = 8.0;
						DevelopmentTeam = KV39E6TGEX;
						LastSwiftMigration = 0800;
						ProvisioningStyle = Automatic;
					};
				};
			};
			buildConfigurationList = 946AD5F01D6A9C0600F58E60 /* Build configuration list for PBXProject "OpenInterface" */;
			compatibilityVersion = "Xcode 3.2";
			developmentRegion = English;
			hasScannedForEncodings = 0;
			knownRegions = (
				en,
			);
			mainGroup = 946AD5EC1D6A9C0600F58E60;
			productRefGroup = 946AD5F71D6A9C0600F58E60 /* Products */;
			projectDirPath = "";
			projectRoot = "";
			targets = (
				946AD5F51D6A9C0600F58E60 /* OpenInterface */,
			);
		};
/* End PBXProject section */

/* Begin PBXResourcesBuildPhase section */
		946AD5F41D6A9C0600F58E60 /* Resources */ = {
			isa = PBXResourcesBuildPhase;
			buildActionMask = 2147483647;
			files = (
				94EA97F91D7928B90011DCC4 /* OpenInterface-Release.xcconfig in Resources */,
				94EA97F81D7928B90011DCC4 /* OpenInterface-Debug.xcconfig in Resources */,
				94EA97FC1D7928B90011DCC4 /* Project-Release.xcconfig in Resources */,
				94EA97FB1D7928B90011DCC4 /* Project-Debug.xcconfig in Resources */,
				94EA97F71D7928B90011DCC4 /* OpenInterface-Base.xcconfig in Resources */,
				94EA97FA1D7928B90011DCC4 /* Project-Base.xcconfig in Resources */,
			);
			runOnlyForDeploymentPostprocessing = 0;
		};
/* End PBXResourcesBuildPhase section */

/* Begin PBXSourcesBuildPhase section */
		946AD5F11D6A9C0600F58E60 /* Sources */ = {
			isa = PBXSourcesBuildPhase;
			buildActionMask = 2147483647;
			files = (
				94EA98001D79292D0011DCC4 /* Constrant.swift in Sources */,
				94EA98011D79292D0011DCC4 /* Rect.swift in Sources */,
				946AD6381D6A9D4600F58E60 /* BaseTableViewController.swift in Sources */,
				940D52371D6CDA9E00556790 /* BaseViewControllerAnimationTransiton.swift in Sources */,
				946AD6341D6A9CFF00F58E60 /* BaseViewController.swift in Sources */,
				94EA98021D79292D0011DCC4 /* View.swift in Sources */,
				94199BA01D6D077800CD2ECB /* BaseFetchedResultsTableViewController.swift in Sources */,
			);
			runOnlyForDeploymentPostprocessing = 0;
		};
/* End PBXSourcesBuildPhase section */

/* Begin XCBuildConfiguration section */
		946AD5FC1D6A9C0600F58E60 /* Debug */ = {
			isa = XCBuildConfiguration;
			baseConfigurationReference = 94EA97F51D7928B90011DCC4 /* Project-Debug.xcconfig */;
			buildSettings = {
			};
			name = Debug;
		};
		946AD5FD1D6A9C0600F58E60 /* Release */ = {
			isa = XCBuildConfiguration;
			baseConfigurationReference = 94EA97F61D7928B90011DCC4 /* Project-Release.xcconfig */;
			buildSettings = {
			};
			name = Release;
		};
		946AD5FF1D6A9C0600F58E60 /* Debug */ = {
			isa = XCBuildConfiguration;
			baseConfigurationReference = 94EA97F21D7928B90011DCC4 /* OpenInterface-Debug.xcconfig */;
			buildSettings = {
			};
			name = Debug;
		};
		946AD6001D6A9C0600F58E60 /* Release */ = {
			isa = XCBuildConfiguration;
			baseConfigurationReference = 94EA97F31D7928B90011DCC4 /* OpenInterface-Release.xcconfig */;
			buildSettings = {
			};
			name = Release;
		};
/* End XCBuildConfiguration section */

/* Begin XCConfigurationList section */
		946AD5F01D6A9C0600F58E60 /* Build configuration list for PBXProject "OpenInterface" */ = {
			isa = XCConfigurationList;
			buildConfigurations = (
				946AD5FC1D6A9C0600F58E60 /* Debug */,
				946AD5FD1D6A9C0600F58E60 /* Release */,
			);
			defaultConfigurationIsVisible = 0;
			defaultConfigurationName = Release;
		};
		946AD5FE1D6A9C0600F58E60 /* Build configuration list for PBXNativeTarget "OpenInterface" */ = {
			isa = XCConfigurationList;
			buildConfigurations = (
				946AD5FF1D6A9C0600F58E60 /* Debug */,
				946AD6001D6A9C0600F58E60 /* Release */,
			);
			defaultConfigurationIsVisible = 0;
			defaultConfigurationName = Release;
		};
/* End XCConfigurationList section */
	};
	rootObject = 946AD5ED1D6A9C0600F58E60 /* Project object */;
}
